Microsoft Visual Studio Solution File, Format Version 12.00
# Visual Studio Version 18
VisualStudioVersion = 18.0.11205.157
MinimumVisualStudioVersion = 10.0.40219.1
Project("{2150E333-8FDC-42A3-9474-1A3956D46DE8}") = "shared", "shared", "{A1B2C3D4-E5F6-4A5B-8C9D-0E1F2A3B4C5D}"
EndProject
Project("{2150E333-8FDC-42A3-9474-1A3956D46DE8}") = "services", "services", "{B2C3D4E5-F6A7-4B5C-9D0E-1F2A3B4C5D6E}"
EndProject
Project("{2150E333-8FDC-42A3-9474-1A3956D46DE8}") = "infra", "infra", "{CCA0B699-1BED-4332-B333-B9AF43D98FB8}"
	ProjectSection(SolutionItems) = preProject
		infra\docker\docker-compose.yml = infra\docker\docker-compose.yml
	EndProjectSection
EndProject
Project("{FAE04EC0-301F-11D3-BF4B-00C04F79EFBC}") = "LibraHub.BuildingBlocks", "shared\BuildingBlocks\src\LibraHub.BuildingBlocks\LibraHub.BuildingBlocks.csproj", "{D4E5F6A7-B8C9-4D5E-9F0A-1B2C3D4E5F6A}"
EndProject
Project("{FAE04EC0-301F-11D3-BF4B-00C04F79EFBC}") = "LibraHub.Contracts", "shared\Contracts\src\LibraHub.Contracts\LibraHub.Contracts.csproj", "{E5F6A7B8-C9D0-4E5F-9A0B-1C2D3E4F5A6B}"
EndProject
Project("{FAE04EC0-301F-11D3-BF4B-00C04F79EFBC}") = "LibraHub.Identity.Api", "services\Identity\src\LibraHub.Identity.Api\LibraHub.Identity.Api.csproj", "{F6A7B8C9-D0E1-4F5A-9B0C-1D2E3F4A5B6C}"
EndProject
Project("{FAE04EC0-301F-11D3-BF4B-00C04F79EFBC}") = "LibraHub.Identity.Application", "services\Identity\src\LibraHub.Identity.Application\LibraHub.Identity.Application.csproj", "{A7B8C9D0-E1F2-4A5B-9C0D-1E2F3A4B5C6D}"
EndProject
Project("{FAE04EC0-301F-11D3-BF4B-00C04F79EFBC}") = "LibraHub.Identity.Domain", "services\Identity\src\LibraHub.Identity.Domain\LibraHub.Identity.Domain.csproj", "{B8C9D0E1-F2A3-4B5C-9D0E-1F2A3B4C5D6E}"
EndProject
Project("{FAE04EC0-301F-11D3-BF4B-00C04F79EFBC}") = "LibraHub.Identity.Infrastructure", "services\Identity\src\LibraHub.Identity.Infrastructure\LibraHub.Identity.Infrastructure.csproj", "{C9D0E1F2-A3B4-4C5D-9E0F-1A2B3C4D5E6F}"
EndProject
Project("{2150E333-8FDC-42A3-9474-1A3956D46DE8}") = "Identity", "Identity", "{19C7ADB4-1931-4B11-B72C-D869B9010850}"
EndProject
Project("{FAE04EC0-301F-11D3-BF4B-00C04F79EFBC}") = "LibraHub.Catalog.Api", "services\Catalog\src\LibraHub.Catalog.Api\LibraHub.Catalog.Api.csproj", "{4028A25F-DF8E-4DD9-824E-56625094EB9D}"
EndProject
Project("{FAE04EC0-301F-11D3-BF4B-00C04F79EFBC}") = "LibraHub.Catalog.Application", "services\Catalog\src\LibraHub.Catalog.Application\LibraHub.Catalog.Application.csproj", "{FB87E43A-89D6-4BA4-89A4-3EB31CF6B997}"
EndProject
Project("{FAE04EC0-301F-11D3-BF4B-00C04F79EFBC}") = "LibraHub.Catalog.Domain", "services\Catalog\src\LibraHub.Catalog.Domain\LibraHub.Catalog.Domain.csproj", "{896D81B1-31A3-49E5-88B9-64CCECD3D537}"
EndProject
Project("{FAE04EC0-301F-11D3-BF4B-00C04F79EFBC}") = "LibraHub.Catalog.Infrastructure", "services\Catalog\src\LibraHub.Catalog.Infrastructure\LibraHub.Catalog.Infrastructure.csproj", "{A9EE60FD-D559-4A8B-84AA-094D2FF3E587}"
EndProject
Project("{2150E333-8FDC-42A3-9474-1A3956D46DE8}") = "Catalog", "Catalog", "{2A8DCEB5-2942-5C22-C83D-E97AC0121961}"
EndProject
Project("{FAE04EC0-301F-11D3-BF4B-00C04F79EFBC}") = "LibraHub.Content.Api", "services\Content\src\LibraHub.Content.Api\LibraHub.Content.Api.csproj", "{C1D2E3F4-A5B6-4C7D-9E0F-1A2B3C4D5E6F}"
EndProject
Project("{FAE04EC0-301F-11D3-BF4B-00C04F79EFBC}") = "LibraHub.Content.Application", "services\Content\src\LibraHub.Content.Application\LibraHub.Content.Application.csproj", "{D2E3F4A5-B6C7-4D8E-9F0A-1B2C3D4E5F6A}"
EndProject
Project("{FAE04EC0-301F-11D3-BF4B-00C04F79EFBC}") = "LibraHub.Content.Domain", "services\Content\src\LibraHub.Content.Domain\LibraHub.Content.Domain.csproj", "{E3F4A5B6-C7D8-4E9F-9A0B-1C2D3E4F5A6B}"
EndProject
Project("{FAE04EC0-301F-11D3-BF4B-00C04F79EFBC}") = "LibraHub.Content.Infrastructure", "services\Content\src\LibraHub.Content.Infrastructure\LibraHub.Content.Infrastructure.csproj", "{F4A5B6C7-D8E9-4F0A-9B0C-1D2E3F4A5B6C}"
EndProject
Project("{2150E333-8FDC-42A3-9474-1A3956D46DE8}") = "Content", "Content", "{3B9ECF6C-3A53-6D33-D94E-F98BD0122972}"
EndProject
Project("{FAE04EC0-301F-11D3-BF4B-00C04F79EFBC}") = "LibraHub.Orders.Api", "services\Orders\src\LibraHub.Orders.Api\LibraHub.Orders.Api.csproj", "{1AE255B2-EE57-43BA-96F3-163D0E391443}"
EndProject
Project("{FAE04EC0-301F-11D3-BF4B-00C04F79EFBC}") = "LibraHub.Orders.Application", "services\Orders\src\LibraHub.Orders.Application\LibraHub.Orders.Application.csproj", "{2DDD996D-CC1F-416C-9932-EDC91130F224}"
EndProject
Project("{FAE04EC0-301F-11D3-BF4B-00C04F79EFBC}") = "LibraHub.Orders.Domain", "services\Orders\src\LibraHub.Orders.Domain\LibraHub.Orders.Domain.csproj", "{BBADFB46-A4C5-4DB9-A803-BAA18EE29F9D}"
EndProject
Project("{FAE04EC0-301F-11D3-BF4B-00C04F79EFBC}") = "LibraHub.Orders.Infrastructure", "services\Orders\src\LibraHub.Orders.Infrastructure\LibraHub.Orders.Infrastructure.csproj", "{1DBED511-1381-4FC7-9A2C-FDA577EC39A1}"
EndProject
Project("{2150E333-8FDC-42A3-9474-1A3956D46DE8}") = "Orders", "Orders", "{4CAFD7D7-4B64-7E44-E95F-099CE1233083}"
EndProject
Project("{FAE04EC0-301F-11D3-BF4B-00C04F79EFBC}") = "LibraHub.Library.Api", "services\Library\src\LibraHub.Library.Api\LibraHub.Library.Api.csproj", "{59A15EA5-E9AB-46A6-BEB0-A5FE02E2AFE6}"
EndProject
Project("{FAE04EC0-301F-11D3-BF4B-00C04F79EFBC}") = "LibraHub.Library.Application", "services\Library\src\LibraHub.Library.Application\LibraHub.Library.Application.csproj", "{F3D2174E-8752-4924-8B9D-D2AB2B71A059}"
EndProject
Project("{FAE04EC0-301F-11D3-BF4B-00C04F79EFBC}") = "LibraHub.Library.Domain", "services\Library\src\LibraHub.Library.Domain\LibraHub.Library.Domain.csproj", "{40137B55-ED5D-4C96-A0D9-91893AFE2BB8}"
EndProject
Project("{FAE04EC0-301F-11D3-BF4B-00C04F79EFBC}") = "LibraHub.Library.Infrastructure", "services\Library\src\LibraHub.Library.Infrastructure\LibraHub.Library.Infrastructure.csproj", "{EED1B347-E57E-459C-98AA-FCD415A5A524}"
EndProject
Project("{2150E333-8FDC-42A3-9474-1A3956D46DE8}") = "Library", "Library", "{DFB9BA1A-E413-4CFE-9B3F-C87240043FC9}"
EndProject
Project("{FAE04EC0-301F-11D3-BF4B-00C04F79EFBC}") = "LibraHub.Notifications.Api", "services\Notifications\src\LibraHub.Notifications.Api\LibraHub.Notifications.Api.csproj", "{E36E4F5D-CB88-487B-A924-28BC00ABE712}"
EndProject
Project("{FAE04EC0-301F-11D3-BF4B-00C04F79EFBC}") = "LibraHub.Notifications.Application", "services\Notifications\src\LibraHub.Notifications.Application\LibraHub.Notifications.Application.csproj", "{1C80329C-EEF1-49C4-99CF-BB9684630ABD}"
EndProject
Project("{FAE04EC0-301F-11D3-BF4B-00C04F79EFBC}") = "LibraHub.Notifications.Domain", "services\Notifications\src\LibraHub.Notifications.Domain\LibraHub.Notifications.Domain.csproj", "{D9DA836A-4B8F-4625-BF1E-639B394F776D}"
EndProject
Project("{FAE04EC0-301F-11D3-BF4B-00C04F79EFBC}") = "LibraHub.Notifications.Infrastructure", "services\Notifications\src\LibraHub.Notifications.Infrastructure\LibraHub.Notifications.Infrastructure.csproj", "{9CB08559-1563-4701-A849-73718E43E75D}"
EndProject
Project("{2150E333-8FDC-42A3-9474-1A3956D46DE8}") = "Notifications", "Notifications", "{49F3428A-FD58-416A-B7E4-DFD1934026C3}"
EndProject
Global
	GlobalSection(SolutionConfigurationPlatforms) = preSolution
		Debug|Any CPU = Debug|Any CPU
		Release|Any CPU = Release|Any CPU
	EndGlobalSection
	GlobalSection(ProjectConfigurationPlatforms) = postSolution
		{D4E5F6A7-B8C9-4D5E-9F0A-1B2C3D4E5F6A}.Debug|Any CPU.ActiveCfg = Debug|Any CPU
		{D4E5F6A7-B8C9-4D5E-9F0A-1B2C3D4E5F6A}.Debug|Any CPU.Build.0 = Debug|Any CPU
		{D4E5F6A7-B8C9-4D5E-9F0A-1B2C3D4E5F6A}.Release|Any CPU.ActiveCfg = Release|Any CPU
		{D4E5F6A7-B8C9-4D5E-9F0A-1B2C3D4E5F6A}.Release|Any CPU.Build.0 = Release|Any CPU
		{E5F6A7B8-C9D0-4E5F-9A0B-1C2D3E4F5A6B}.Debug|Any CPU.ActiveCfg = Debug|Any CPU
		{E5F6A7B8-C9D0-4E5F-9A0B-1C2D3E4F5A6B}.Debug|Any CPU.Build.0 = Debug|Any CPU
		{E5F6A7B8-C9D0-4E5F-9A0B-1C2D3E4F5A6B}.Release|Any CPU.ActiveCfg = Release|Any CPU
		{E5F6A7B8-C9D0-4E5F-9A0B-1C2D3E4F5A6B}.Release|Any CPU.Build.0 = Release|Any CPU
		{F6A7B8C9-D0E1-4F5A-9B0C-1D2E3F4A5B6C}.Debug|Any CPU.ActiveCfg = Debug|Any CPU
		{F6A7B8C9-D0E1-4F5A-9B0C-1D2E3F4A5B6C}.Debug|Any CPU.Build.0 = Debug|Any CPU
		{F6A7B8C9-D0E1-4F5A-9B0C-1D2E3F4A5B6C}.Release|Any CPU.ActiveCfg = Release|Any CPU
		{F6A7B8C9-D0E1-4F5A-9B0C-1D2E3F4A5B6C}.Release|Any CPU.Build.0 = Release|Any CPU
		{A7B8C9D0-E1F2-4A5B-9C0D-1E2F3A4B5C6D}.Debug|Any CPU.ActiveCfg = Debug|Any CPU
		{A7B8C9D0-E1F2-4A5B-9C0D-1E2F3A4B5C6D}.Debug|Any CPU.Build.0 = Debug|Any CPU
		{A7B8C9D0-E1F2-4A5B-9C0D-1E2F3A4B5C6D}.Release|Any CPU.ActiveCfg = Release|Any CPU
		{A7B8C9D0-E1F2-4A5B-9C0D-1E2F3A4B5C6D}.Release|Any CPU.Build.0 = Release|Any CPU
		{B8C9D0E1-F2A3-4B5C-9D0E-1F2A3B4C5D6E}.Debug|Any CPU.ActiveCfg = Debug|Any CPU
		{B8C9D0E1-F2A3-4B5C-9D0E-1F2A3B4C5D6E}.Debug|Any CPU.Build.0 = Debug|Any CPU
		{B8C9D0E1-F2A3-4B5C-9D0E-1F2A3B4C5D6E}.Release|Any CPU.ActiveCfg = Release|Any CPU
		{B8C9D0E1-F2A3-4B5C-9D0E-1F2A3B4C5D6E}.Release|Any CPU.Build.0 = Release|Any CPU
		{C9D0E1F2-A3B4-4C5D-9E0F-1A2B3C4D5E6F}.Debug|Any CPU.ActiveCfg = Debug|Any CPU
		{C9D0E1F2-A3B4-4C5D-9E0F-1A2B3C4D5E6F}.Debug|Any CPU.Build.0 = Debug|Any CPU
		{C9D0E1F2-A3B4-4C5D-9E0F-1A2B3C4D5E6F}.Release|Any CPU.ActiveCfg = Release|Any CPU
		{C9D0E1F2-A3B4-4C5D-9E0F-1A2B3C4D5E6F}.Release|Any CPU.Build.0 = Release|Any CPU
		{4028A25F-DF8E-4DD9-824E-56625094EB9D}.Debug|Any CPU.ActiveCfg = Debug|Any CPU
		{4028A25F-DF8E-4DD9-824E-56625094EB9D}.Debug|Any CPU.Build.0 = Debug|Any CPU
		{4028A25F-DF8E-4DD9-824E-56625094EB9D}.Release|Any CPU.ActiveCfg = Release|Any CPU
		{4028A25F-DF8E-4DD9-824E-56625094EB9D}.Release|Any CPU.Build.0 = Release|Any CPU
		{FB87E43A-89D6-4BA4-89A4-3EB31CF6B997}.Debug|Any CPU.ActiveCfg = Debug|Any CPU
		{FB87E43A-89D6-4BA4-89A4-3EB31CF6B997}.Debug|Any CPU.Build.0 = Debug|Any CPU
		{FB87E43A-89D6-4BA4-89A4-3EB31CF6B997}.Release|Any CPU.ActiveCfg = Release|Any CPU
		{FB87E43A-89D6-4BA4-89A4-3EB31CF6B997}.Release|Any CPU.Build.0 = Release|Any CPU
		{896D81B1-31A3-49E5-88B9-64CCECD3D537}.Debug|Any CPU.ActiveCfg = Debug|Any CPU
		{896D81B1-31A3-49E5-88B9-64CCECD3D537}.Debug|Any CPU.Build.0 = Debug|Any CPU
		{896D81B1-31A3-49E5-88B9-64CCECD3D537}.Release|Any CPU.ActiveCfg = Release|Any CPU
		{896D81B1-31A3-49E5-88B9-64CCECD3D537}.Release|Any CPU.Build.0 = Release|Any CPU
		{A9EE60FD-D559-4A8B-84AA-094D2FF3E587}.Debug|Any CPU.ActiveCfg = Debug|Any CPU
		{A9EE60FD-D559-4A8B-84AA-094D2FF3E587}.Debug|Any CPU.Build.0 = Debug|Any CPU
		{A9EE60FD-D559-4A8B-84AA-094D2FF3E587}.Release|Any CPU.ActiveCfg = Release|Any CPU
		{A9EE60FD-D559-4A8B-84AA-094D2FF3E587}.Release|Any CPU.Build.0 = Release|Any CPU
		{C1D2E3F4-A5B6-4C7D-9E0F-1A2B3C4D5E6F}.Debug|Any CPU.ActiveCfg = Debug|Any CPU
		{C1D2E3F4-A5B6-4C7D-9E0F-1A2B3C4D5E6F}.Debug|Any CPU.Build.0 = Debug|Any CPU
		{C1D2E3F4-A5B6-4C7D-9E0F-1A2B3C4D5E6F}.Release|Any CPU.ActiveCfg = Release|Any CPU
		{C1D2E3F4-A5B6-4C7D-9E0F-1A2B3C4D5E6F}.Release|Any CPU.Build.0 = Release|Any CPU
		{D2E3F4A5-B6C7-4D8E-9F0A-1B2C3D4E5F6A}.Debug|Any CPU.ActiveCfg = Debug|Any CPU
		{D2E3F4A5-B6C7-4D8E-9F0A-1B2C3D4E5F6A}.Debug|Any CPU.Build.0 = Debug|Any CPU
		{D2E3F4A5-B6C7-4D8E-9F0A-1B2C3D4E5F6A}.Release|Any CPU.ActiveCfg = Release|Any CPU
		{D2E3F4A5-B6C7-4D8E-9F0A-1B2C3D4E5F6A}.Release|Any CPU.Build.0 = Release|Any CPU
		{E3F4A5B6-C7D8-4E9F-9A0B-1C2D3E4F5A6B}.Debug|Any CPU.ActiveCfg = Debug|Any CPU
		{E3F4A5B6-C7D8-4E9F-9A0B-1C2D3E4F5A6B}.Debug|Any CPU.Build.0 = Debug|Any CPU
		{E3F4A5B6-C7D8-4E9F-9A0B-1C2D3E4F5A6B}.Release|Any CPU.ActiveCfg = Release|Any CPU
		{E3F4A5B6-C7D8-4E9F-9A0B-1C2D3E4F5A6B}.Release|Any CPU.Build.0 = Release|Any CPU
		{F4A5B6C7-D8E9-4F0A-9B0C-1D2E3F4A5B6C}.Debug|Any CPU.ActiveCfg = Debug|Any CPU
		{F4A5B6C7-D8E9-4F0A-9B0C-1D2E3F4A5B6C}.Debug|Any CPU.Build.0 = Debug|Any CPU
		{F4A5B6C7-D8E9-4F0A-9B0C-1D2E3F4A5B6C}.Release|Any CPU.ActiveCfg = Release|Any CPU
		{F4A5B6C7-D8E9-4F0A-9B0C-1D2E3F4A5B6C}.Release|Any CPU.Build.0 = Release|Any CPU
		{1AE255B2-EE57-43BA-96F3-163D0E391443}.Debug|Any CPU.ActiveCfg = Debug|Any CPU
		{1AE255B2-EE57-43BA-96F3-163D0E391443}.Debug|Any CPU.Build.0 = Debug|Any CPU
		{1AE255B2-EE57-43BA-96F3-163D0E391443}.Release|Any CPU.ActiveCfg = Release|Any CPU
		{1AE255B2-EE57-43BA-96F3-163D0E391443}.Release|Any CPU.Build.0 = Release|Any CPU
		{2DDD996D-CC1F-416C-9932-EDC91130F224}.Debug|Any CPU.ActiveCfg = Debug|Any CPU
		{2DDD996D-CC1F-416C-9932-EDC91130F224}.Debug|Any CPU.Build.0 = Debug|Any CPU
		{2DDD996D-CC1F-416C-9932-EDC91130F224}.Release|Any CPU.ActiveCfg = Release|Any CPU
		{2DDD996D-CC1F-416C-9932-EDC91130F224}.Release|Any CPU.Build.0 = Release|Any CPU
		{BBADFB46-A4C5-4DB9-A803-BAA18EE29F9D}.Debug|Any CPU.ActiveCfg = Debug|Any CPU
		{BBADFB46-A4C5-4DB9-A803-BAA18EE29F9D}.Debug|Any CPU.Build.0 = Debug|Any CPU
		{BBADFB46-A4C5-4DB9-A803-BAA18EE29F9D}.Release|Any CPU.ActiveCfg = Release|Any CPU
		{BBADFB46-A4C5-4DB9-A803-BAA18EE29F9D}.Release|Any CPU.Build.0 = Release|Any CPU
		{1DBED511-1381-4FC7-9A2C-FDA577EC39A1}.Debug|Any CPU.ActiveCfg = Debug|Any CPU
		{1DBED511-1381-4FC7-9A2C-FDA577EC39A1}.Debug|Any CPU.Build.0 = Debug|Any CPU
		{1DBED511-1381-4FC7-9A2C-FDA577EC39A1}.Release|Any CPU.ActiveCfg = Release|Any CPU
		{1DBED511-1381-4FC7-9A2C-FDA577EC39A1}.Release|Any CPU.Build.0 = Release|Any CPU
		{59A15EA5-E9AB-46A6-BEB0-A5FE02E2AFE6}.Debug|Any CPU.ActiveCfg = Debug|Any CPU
		{59A15EA5-E9AB-46A6-BEB0-A5FE02E2AFE6}.Debug|Any CPU.Build.0 = Debug|Any CPU
		{59A15EA5-E9AB-46A6-BEB0-A5FE02E2AFE6}.Release|Any CPU.ActiveCfg = Release|Any CPU
		{59A15EA5-E9AB-46A6-BEB0-A5FE02E2AFE6}.Release|Any CPU.Build.0 = Release|Any CPU
		{F3D2174E-8752-4924-8B9D-D2AB2B71A059}.Debug|Any CPU.ActiveCfg = Debug|Any CPU
		{F3D2174E-8752-4924-8B9D-D2AB2B71A059}.Debug|Any CPU.Build.0 = Debug|Any CPU
		{F3D2174E-8752-4924-8B9D-D2AB2B71A059}.Release|Any CPU.ActiveCfg = Release|Any CPU
		{F3D2174E-8752-4924-8B9D-D2AB2B71A059}.Release|Any CPU.Build.0 = Release|Any CPU
		{40137B55-ED5D-4C96-A0D9-91893AFE2BB8}.Debug|Any CPU.ActiveCfg = Debug|Any CPU
		{40137B55-ED5D-4C96-A0D9-91893AFE2BB8}.Debug|Any CPU.Build.0 = Debug|Any CPU
		{40137B55-ED5D-4C96-A0D9-91893AFE2BB8}.Release|Any CPU.ActiveCfg = Release|Any CPU
		{40137B55-ED5D-4C96-A0D9-91893AFE2BB8}.Release|Any CPU.Build.0 = Release|Any CPU
		{EED1B347-E57E-459C-98AA-FCD415A5A524}.Debug|Any CPU.ActiveCfg = Debug|Any CPU
		{EED1B347-E57E-459C-98AA-FCD415A5A524}.Debug|Any CPU.Build.0 = Debug|Any CPU
		{EED1B347-E57E-459C-98AA-FCD415A5A524}.Release|Any CPU.ActiveCfg = Release|Any CPU
		{EED1B347-E57E-459C-98AA-FCD415A5A524}.Release|Any CPU.Build.0 = Release|Any CPU
		{E36E4F5D-CB88-487B-A924-28BC00ABE712}.Debug|Any CPU.ActiveCfg = Debug|Any CPU
		{E36E4F5D-CB88-487B-A924-28BC00ABE712}.Debug|Any CPU.Build.0 = Debug|Any CPU
		{E36E4F5D-CB88-487B-A924-28BC00ABE712}.Release|Any CPU.ActiveCfg = Release|Any CPU
		{E36E4F5D-CB88-487B-A924-28BC00ABE712}.Release|Any CPU.Build.0 = Release|Any CPU
		{1C80329C-EEF1-49C4-99CF-BB9684630ABD}.Debug|Any CPU.ActiveCfg = Debug|Any CPU
		{1C80329C-EEF1-49C4-99CF-BB9684630ABD}.Debug|Any CPU.Build.0 = Debug|Any CPU
		{1C80329C-EEF1-49C4-99CF-BB9684630ABD}.Release|Any CPU.ActiveCfg = Release|Any CPU
		{1C80329C-EEF1-49C4-99CF-BB9684630ABD}.Release|Any CPU.Build.0 = Release|Any CPU
		{D9DA836A-4B8F-4625-BF1E-639B394F776D}.Debug|Any CPU.ActiveCfg = Debug|Any CPU
		{D9DA836A-4B8F-4625-BF1E-639B394F776D}.Debug|Any CPU.Build.0 = Debug|Any CPU
		{D9DA836A-4B8F-4625-BF1E-639B394F776D}.Release|Any CPU.ActiveCfg = Release|Any CPU
		{D9DA836A-4B8F-4625-BF1E-639B394F776D}.Release|Any CPU.Build.0 = Release|Any CPU
		{9CB08559-1563-4701-A849-73718E43E75D}.Debug|Any CPU.ActiveCfg = Debug|Any CPU
		{9CB08559-1563-4701-A849-73718E43E75D}.Debug|Any CPU.Build.0 = Debug|Any CPU
		{9CB08559-1563-4701-A849-73718E43E75D}.Release|Any CPU.ActiveCfg = Release|Any CPU
		{9CB08559-1563-4701-A849-73718E43E75D}.Release|Any CPU.Build.0 = Release|Any CPU
	EndGlobalSection
	GlobalSection(SolutionProperties) = preSolution
		HideSolutionNode = FALSE
	EndGlobalSection
	GlobalSection(NestedProjects) = preSolution
		{D4E5F6A7-B8C9-4D5E-9F0A-1B2C3D4E5F6A} = {A1B2C3D4-E5F6-4A5B-8C9D-0E1F2A3B4C5D}
		{E5F6A7B8-C9D0-4E5F-9A0B-1C2D3E4F5A6B} = {A1B2C3D4-E5F6-4A5B-8C9D-0E1F2A3B4C5D}
		{F6A7B8C9-D0E1-4F5A-9B0C-1D2E3F4A5B6C} = {19C7ADB4-1931-4B11-B72C-D869B9010850}
		{A7B8C9D0-E1F2-4A5B-9C0D-1E2F3A4B5C6D} = {19C7ADB4-1931-4B11-B72C-D869B9010850}
		{B8C9D0E1-F2A3-4B5C-9D0E-1F2A3B4C5D6E} = {19C7ADB4-1931-4B11-B72C-D869B9010850}
		{C9D0E1F2-A3B4-4C5D-9E0F-1A2B3C4D5E6F} = {19C7ADB4-1931-4B11-B72C-D869B9010850}
		{19C7ADB4-1931-4B11-B72C-D869B9010850} = {B2C3D4E5-F6A7-4B5C-9D0E-1F2A3B4C5D6E}
		{4028A25F-DF8E-4DD9-824E-56625094EB9D} = {2A8DCEB5-2942-5C22-C83D-E97AC0121961}
		{FB87E43A-89D6-4BA4-89A4-3EB31CF6B997} = {2A8DCEB5-2942-5C22-C83D-E97AC0121961}
		{896D81B1-31A3-49E5-88B9-64CCECD3D537} = {2A8DCEB5-2942-5C22-C83D-E97AC0121961}
		{A9EE60FD-D559-4A8B-84AA-094D2FF3E587} = {2A8DCEB5-2942-5C22-C83D-E97AC0121961}
		{2A8DCEB5-2942-5C22-C83D-E97AC0121961} = {B2C3D4E5-F6A7-4B5C-9D0E-1F2A3B4C5D6E}
		{C1D2E3F4-A5B6-4C7D-9E0F-1A2B3C4D5E6F} = {3B9ECF6C-3A53-6D33-D94E-F98BD0122972}
		{D2E3F4A5-B6C7-4D8E-9F0A-1B2C3D4E5F6A} = {3B9ECF6C-3A53-6D33-D94E-F98BD0122972}
		{E3F4A5B6-C7D8-4E9F-9A0B-1C2D3E4F5A6B} = {3B9ECF6C-3A53-6D33-D94E-F98BD0122972}
		{F4A5B6C7-D8E9-4F0A-9B0C-1D2E3F4A5B6C} = {3B9ECF6C-3A53-6D33-D94E-F98BD0122972}
		{3B9ECF6C-3A53-6D33-D94E-F98BD0122972} = {B2C3D4E5-F6A7-4B5C-9D0E-1F2A3B4C5D6E}
		{1AE255B2-EE57-43BA-96F3-163D0E391443} = {4CAFD7D7-4B64-7E44-E95F-099CE1233083}
		{2DDD996D-CC1F-416C-9932-EDC91130F224} = {4CAFD7D7-4B64-7E44-E95F-099CE1233083}
		{BBADFB46-A4C5-4DB9-A803-BAA18EE29F9D} = {4CAFD7D7-4B64-7E44-E95F-099CE1233083}
		{1DBED511-1381-4FC7-9A2C-FDA577EC39A1} = {4CAFD7D7-4B64-7E44-E95F-099CE1233083}
		{4CAFD7D7-4B64-7E44-E95F-099CE1233083} = {B2C3D4E5-F6A7-4B5C-9D0E-1F2A3B4C5D6E}
		{59A15EA5-E9AB-46A6-BEB0-A5FE02E2AFE6} = {DFB9BA1A-E413-4CFE-9B3F-C87240043FC9}
		{F3D2174E-8752-4924-8B9D-D2AB2B71A059} = {DFB9BA1A-E413-4CFE-9B3F-C87240043FC9}
		{40137B55-ED5D-4C96-A0D9-91893AFE2BB8} = {DFB9BA1A-E413-4CFE-9B3F-C87240043FC9}
		{EED1B347-E57E-459C-98AA-FCD415A5A524} = {DFB9BA1A-E413-4CFE-9B3F-C87240043FC9}
		{DFB9BA1A-E413-4CFE-9B3F-C87240043FC9} = {B2C3D4E5-F6A7-4B5C-9D0E-1F2A3B4C5D6E}
		{E36E4F5D-CB88-487B-A924-28BC00ABE712} = {49F3428A-FD58-416A-B7E4-DFD1934026C3}
		{1C80329C-EEF1-49C4-99CF-BB9684630ABD} = {49F3428A-FD58-416A-B7E4-DFD1934026C3}
		{D9DA836A-4B8F-4625-BF1E-639B394F776D} = {49F3428A-FD58-416A-B7E4-DFD1934026C3}
		{9CB08559-1563-4701-A849-73718E43E75D} = {49F3428A-FD58-416A-B7E4-DFD1934026C3}
		{49F3428A-FD58-416A-B7E4-DFD1934026C3} = {B2C3D4E5-F6A7-4B5C-9D0E-1F2A3B4C5D6E}
	EndGlobalSection
	GlobalSection(ExtensibilityGlobals) = postSolution
		SolutionGuid = {3F9716D5-3141-4AD7-BF6B-B408615464E3}
	EndGlobalSection
EndGlobal
