Microsoft Visual Studio Solution File, Format Version 12.00
# Visual Studio Version 18
VisualStudioVersion = 18.0.11205.157
MinimumVisualStudioVersion = 10.0.40219.1
Project("{2150E333-8FDC-42A3-9474-1A3956D46DE8}") = "shared", "shared", "{A1B2C3D4-E5F6-4A5B-8C9D-0E1F2A3B4C5D}"
EndProject
Project("{2150E333-8FDC-42A3-9474-1A3956D46DE8}") = "services", "services", "{B2C3D4E5-F6A7-4B5C-9D0E-1F2A3B4C5D6E}"
EndProject
Project("{2150E333-8FDC-42A3-9474-1A3956D46DE8}") = "infra", "infra", "{CCA0B699-1BED-4332-B333-B9AF43D98FB8}"
	ProjectSection(SolutionItems) = preProject
		infra\docker\docker-compose.yml = infra\docker\docker-compose.yml
	EndProjectSection
EndProject
Project("{FAE04EC0-301F-11D3-BF4B-00C04F79EFBC}") = "LibraHub.BuildingBlocks", "shared\BuildingBlocks\src\LibraHub.BuildingBlocks\LibraHub.BuildingBlocks.csproj", "{D4E5F6A7-B8C9-4D5E-9F0A-1B2C3D4E5F6A}"
EndProject
Project("{FAE04EC0-301F-11D3-BF4B-00C04F79EFBC}") = "LibraHub.Contracts", "shared\Contracts\src\LibraHub.Contracts\LibraHub.Contracts.csproj", "{E5F6A7B8-C9D0-4E5F-9A0B-1C2D3E4F5A6B}"
EndProject
Project("{FAE04EC0-301F-11D3-BF4B-00C04F79EFBC}") = "LibraHub.Identity.Api", "services\Identity\src\LibraHub.Identity.Api\LibraHub.Identity.Api.csproj", "{F6A7B8C9-D0E1-4F5A-9B0C-1D2E3F4A5B6C}"
EndProject
Project("{FAE04EC0-301F-11D3-BF4B-00C04F79EFBC}") = "LibraHub.Identity.Application", "services\Identity\src\LibraHub.Identity.Application\LibraHub.Identity.Application.csproj", "{A7B8C9D0-E1F2-4A5B-9C0D-1E2F3A4B5C6D}"
EndProject
Project("{FAE04EC0-301F-11D3-BF4B-00C04F79EFBC}") = "LibraHub.Identity.Domain", "services\Identity\src\LibraHub.Identity.Domain\LibraHub.Identity.Domain.csproj", "{B8C9D0E1-F2A3-4B5C-9D0E-1F2A3B4C5D6E}"
EndProject
Project("{FAE04EC0-301F-11D3-BF4B-00C04F79EFBC}") = "LibraHub.Identity.Infrastructure", "services\Identity\src\LibraHub.Identity.Infrastructure\LibraHub.Identity.Infrastructure.csproj", "{C9D0E1F2-A3B4-4C5D-9E0F-1A2B3C4D5E6F}"
EndProject
Project("{2150E333-8FDC-42A3-9474-1A3956D46DE8}") = "Identity", "Identity", "{19C7ADB4-1931-4B11-B72C-D869B9010850}"
EndProject
Project("{FAE04EC0-301F-11D3-BF4B-00C04F79EFBC}") = "LibraHub.Catalog.Api", "services\Catalog\src\LibraHub.Catalog.Api\LibraHub.Catalog.Api.csproj", "{4028A25F-DF8E-4DD9-824E-56625094EB9D}"
EndProject
Project("{FAE04EC0-301F-11D3-BF4B-00C04F79EFBC}") = "LibraHub.Catalog.Application", "services\Catalog\src\LibraHub.Catalog.Application\LibraHub.Catalog.Application.csproj", "{FB87E43A-89D6-4BA4-89A4-3EB31CF6B997}"
EndProject
Project("{FAE04EC0-301F-11D3-BF4B-00C04F79EFBC}") = "LibraHub.Catalog.Domain", "services\Catalog\src\LibraHub.Catalog.Domain\LibraHub.Catalog.Domain.csproj", "{896D81B1-31A3-49E5-88B9-64CCECD3D537}"
EndProject
Project("{FAE04EC0-301F-11D3-BF4B-00C04F79EFBC}") = "LibraHub.Catalog.Infrastructure", "services\Catalog\src\LibraHub.Catalog.Infrastructure\LibraHub.Catalog.Infrastructure.csproj", "{A9EE60FD-D559-4A8B-84AA-094D2FF3E587}"
EndProject
Project("{2150E333-8FDC-42A3-9474-1A3956D46DE8}") = "Catalog", "Catalog", "{2A8DCEB5-2942-5C22-C83D-E97AC0121961}"
EndProject
Global
	GlobalSection(SolutionConfigurationPlatforms) = preSolution
		Debug|Any CPU = Debug|Any CPU
		Release|Any CPU = Release|Any CPU
	EndGlobalSection
	GlobalSection(ProjectConfigurationPlatforms) = postSolution
		{D4E5F6A7-B8C9-4D5E-9F0A-1B2C3D4E5F6A}.Debug|Any CPU.ActiveCfg = Debug|Any CPU
		{D4E5F6A7-B8C9-4D5E-9F0A-1B2C3D4E5F6A}.Debug|Any CPU.Build.0 = Debug|Any CPU
		{D4E5F6A7-B8C9-4D5E-9F0A-1B2C3D4E5F6A}.Release|Any CPU.ActiveCfg = Release|Any CPU
		{D4E5F6A7-B8C9-4D5E-9F0A-1B2C3D4E5F6A}.Release|Any CPU.Build.0 = Release|Any CPU
		{E5F6A7B8-C9D0-4E5F-9A0B-1C2D3E4F5A6B}.Debug|Any CPU.ActiveCfg = Debug|Any CPU
		{E5F6A7B8-C9D0-4E5F-9A0B-1C2D3E4F5A6B}.Debug|Any CPU.Build.0 = Debug|Any CPU
		{E5F6A7B8-C9D0-4E5F-9A0B-1C2D3E4F5A6B}.Release|Any CPU.ActiveCfg = Release|Any CPU
		{E5F6A7B8-C9D0-4E5F-9A0B-1C2D3E4F5A6B}.Release|Any CPU.Build.0 = Release|Any CPU
		{F6A7B8C9-D0E1-4F5A-9B0C-1D2E3F4A5B6C}.Debug|Any CPU.ActiveCfg = Debug|Any CPU
		{F6A7B8C9-D0E1-4F5A-9B0C-1D2E3F4A5B6C}.Debug|Any CPU.Build.0 = Debug|Any CPU
		{F6A7B8C9-D0E1-4F5A-9B0C-1D2E3F4A5B6C}.Release|Any CPU.ActiveCfg = Release|Any CPU
		{F6A7B8C9-D0E1-4F5A-9B0C-1D2E3F4A5B6C}.Release|Any CPU.Build.0 = Release|Any CPU
		{A7B8C9D0-E1F2-4A5B-9C0D-1E2F3A4B5C6D}.Debug|Any CPU.ActiveCfg = Debug|Any CPU
		{A7B8C9D0-E1F2-4A5B-9C0D-1E2F3A4B5C6D}.Debug|Any CPU.Build.0 = Debug|Any CPU
		{A7B8C9D0-E1F2-4A5B-9C0D-1E2F3A4B5C6D}.Release|Any CPU.ActiveCfg = Release|Any CPU
		{A7B8C9D0-E1F2-4A5B-9C0D-1E2F3A4B5C6D}.Release|Any CPU.Build.0 = Release|Any CPU
		{B8C9D0E1-F2A3-4B5C-9D0E-1F2A3B4C5D6E}.Debug|Any CPU.ActiveCfg = Debug|Any CPU
		{B8C9D0E1-F2A3-4B5C-9D0E-1F2A3B4C5D6E}.Debug|Any CPU.Build.0 = Debug|Any CPU
		{B8C9D0E1-F2A3-4B5C-9D0E-1F2A3B4C5D6E}.Release|Any CPU.ActiveCfg = Release|Any CPU
		{B8C9D0E1-F2A3-4B5C-9D0E-1F2A3B4C5D6E}.Release|Any CPU.Build.0 = Release|Any CPU
		{C9D0E1F2-A3B4-4C5D-9E0F-1A2B3C4D5E6F}.Debug|Any CPU.ActiveCfg = Debug|Any CPU
		{C9D0E1F2-A3B4-4C5D-9E0F-1A2B3C4D5E6F}.Debug|Any CPU.Build.0 = Debug|Any CPU
		{C9D0E1F2-A3B4-4C5D-9E0F-1A2B3C4D5E6F}.Release|Any CPU.ActiveCfg = Release|Any CPU
		{C9D0E1F2-A3B4-4C5D-9E0F-1A2B3C4D5E6F}.Release|Any CPU.Build.0 = Release|Any CPU
		{4028A25F-DF8E-4DD9-824E-56625094EB9D}.Debug|Any CPU.ActiveCfg = Debug|Any CPU
		{4028A25F-DF8E-4DD9-824E-56625094EB9D}.Debug|Any CPU.Build.0 = Debug|Any CPU
		{4028A25F-DF8E-4DD9-824E-56625094EB9D}.Release|Any CPU.ActiveCfg = Release|Any CPU
		{4028A25F-DF8E-4DD9-824E-56625094EB9D}.Release|Any CPU.Build.0 = Release|Any CPU
		{FB87E43A-89D6-4BA4-89A4-3EB31CF6B997}.Debug|Any CPU.ActiveCfg = Debug|Any CPU
		{FB87E43A-89D6-4BA4-89A4-3EB31CF6B997}.Debug|Any CPU.Build.0 = Debug|Any CPU
		{FB87E43A-89D6-4BA4-89A4-3EB31CF6B997}.Release|Any CPU.ActiveCfg = Release|Any CPU
		{FB87E43A-89D6-4BA4-89A4-3EB31CF6B997}.Release|Any CPU.Build.0 = Release|Any CPU
		{896D81B1-31A3-49E5-88B9-64CCECD3D537}.Debug|Any CPU.ActiveCfg = Debug|Any CPU
		{896D81B1-31A3-49E5-88B9-64CCECD3D537}.Debug|Any CPU.Build.0 = Debug|Any CPU
		{896D81B1-31A3-49E5-88B9-64CCECD3D537}.Release|Any CPU.ActiveCfg = Release|Any CPU
		{896D81B1-31A3-49E5-88B9-64CCECD3D537}.Release|Any CPU.Build.0 = Release|Any CPU
		{A9EE60FD-D559-4A8B-84AA-094D2FF3E587}.Debug|Any CPU.ActiveCfg = Debug|Any CPU
		{A9EE60FD-D559-4A8B-84AA-094D2FF3E587}.Debug|Any CPU.Build.0 = Debug|Any CPU
		{A9EE60FD-D559-4A8B-84AA-094D2FF3E587}.Release|Any CPU.ActiveCfg = Release|Any CPU
		{A9EE60FD-D559-4A8B-84AA-094D2FF3E587}.Release|Any CPU.Build.0 = Release|Any CPU
	EndGlobalSection
	GlobalSection(SolutionProperties) = preSolution
		HideSolutionNode = FALSE
	EndGlobalSection
	GlobalSection(NestedProjects) = preSolution
		{D4E5F6A7-B8C9-4D5E-9F0A-1B2C3D4E5F6A} = {A1B2C3D4-E5F6-4A5B-8C9D-0E1F2A3B4C5D}
		{E5F6A7B8-C9D0-4E5F-9A0B-1C2D3E4F5A6B} = {A1B2C3D4-E5F6-4A5B-8C9D-0E1F2A3B4C5D}
		{F6A7B8C9-D0E1-4F5A-9B0C-1D2E3F4A5B6C} = {19C7ADB4-1931-4B11-B72C-D869B9010850}
		{A7B8C9D0-E1F2-4A5B-9C0D-1E2F3A4B5C6D} = {19C7ADB4-1931-4B11-B72C-D869B9010850}
		{B8C9D0E1-F2A3-4B5C-9D0E-1F2A3B4C5D6E} = {19C7ADB4-1931-4B11-B72C-D869B9010850}
		{C9D0E1F2-A3B4-4C5D-9E0F-1A2B3C4D5E6F} = {19C7ADB4-1931-4B11-B72C-D869B9010850}
		{19C7ADB4-1931-4B11-B72C-D869B9010850} = {B2C3D4E5-F6A7-4B5C-9D0E-1F2A3B4C5D6E}
		{4028A25F-DF8E-4DD9-824E-56625094EB9D} = {2A8DCEB5-2942-5C22-C83D-E97AC0121961}
		{FB87E43A-89D6-4BA4-89A4-3EB31CF6B997} = {2A8DCEB5-2942-5C22-C83D-E97AC0121961}
		{896D81B1-31A3-49E5-88B9-64CCECD3D537} = {2A8DCEB5-2942-5C22-C83D-E97AC0121961}
		{A9EE60FD-D559-4A8B-84AA-094D2FF3E587} = {2A8DCEB5-2942-5C22-C83D-E97AC0121961}
		{2A8DCEB5-2942-5C22-C83D-E97AC0121961} = {B2C3D4E5-F6A7-4B5C-9D0E-1F2A3B4C5D6E}
	EndGlobalSection
	GlobalSection(ExtensibilityGlobals) = postSolution
		SolutionGuid = {3F9716D5-3141-4AD7-BF6B-B408615464E3}
	EndGlobalSection
EndGlobal
